
Microsoft Visual Studio Solution File, Format Version 12.00
Project("{FAE04EC0-301F-11D3-BF4B-00C04F79EFBC}") = "WebScene", "src\WebScene\WebScene.csproj", "{2444E3AE-BE57-4F85-9DF1-A6031284EFA4}"
EndProject
Project("{2150E333-8FDC-42A3-9474-1A3956D46DE8}") = "build", "build", "{DCB18142-CBED-4F62-8B5A-A9A889AC4AC6}"
	ProjectSection(SolutionItems) = preProject
		.editorconfig = .editorconfig
		.gitattributes = .gitattributes
		.gitignore = .gitignore
		Directory.Build.props = Directory.Build.props
		global.json = global.json
		nuget.config = nuget.config
	EndProjectSection
EndProject
Project("{2150E333-8FDC-42A3-9474-1A3956D46DE8}") = "docs", "docs", "{8BFEF32D-8935-4277-8ACD-8463DF3814BB}"
	ProjectSection(SolutionItems) = preProject
		README.md = README.md
		LICENSE = LICENSE
	EndProjectSection
EndProject
Project("{2150E333-8FDC-42A3-9474-1A3956D46DE8}") = "samples", "samples", "{EF896A23-AA5E-45BA-B843-B1F02D600D81}"
EndProject
Project("{2150E333-8FDC-42A3-9474-1A3956D46DE8}") = "src", "src", "{74F70724-F48B-4556-AF1B-996572B9395B}"
EndProject
Project("{FAE04EC0-301F-11D3-BF4B-00C04F79EFBC}") = "website", "samples\website\website.csproj", "{E4BB92BB-C4A1-4D8C-8A4C-C05F9DB2A407}"
EndProject
Project("{2150E333-8FDC-42A3-9474-1A3956D46DE8}") = "tests", "tests", "{C84500EC-56E5-4305-90EE-065B9247D958}"
EndProject
Project("{FAE04EC0-301F-11D3-BF4B-00C04F79EFBC}") = "WebScene.Backend.Avalonia.Tests", "tests\WebScene.Backend.Avalonia.Tests\WebScene.Backend.Avalonia.Tests.csproj", "{0F65F77E-3AF6-40AC-8F2C-95D99B4CA4E3}"
EndProject
Project("{FAE04EC0-301F-11D3-BF4B-00C04F79EFBC}") = "WebScene.WebPlatformSubset.Runner", "tests\WebPlatformSubset\runner\WebScene.WebPlatformSubset.Runner.csproj", "{C7C4B85E-4F7A-49D4-9E21-BF2B27C4C9E5}"
EndProject
Project("{FAE04EC0-301F-11D3-BF4B-00C04F79EFBC}") = "WebScene.Core", "src\WebScene.Core\WebScene.Core.csproj", "{4DE8241D-941B-4BD7-AF3D-1464B198C8B9}"
EndProject
Project("{FAE04EC0-301F-11D3-BF4B-00C04F79EFBC}") = "WebScene.Dom", "src\WebScene.Dom\WebScene.Dom.csproj", "{2D9D7C01-B41D-4143-9DA2-C48C78B5684D}"
EndProject
Project("{FAE04EC0-301F-11D3-BF4B-00C04F79EFBC}") = "WebScene.Css", "src\WebScene.Css\WebScene.Css.csproj", "{D4CBBCEA-AF25-46FD-B9A8-7174E69D8AD9}"
EndProject
Project("{FAE04EC0-301F-11D3-BF4B-00C04F79EFBC}") = "WebScene.Graphics", "src\WebScene.Graphics\WebScene.Graphics.csproj", "{AC63B4E5-CDFD-4DD2-8AE4-EAD86F1CB4A9}"
EndProject
Project("{FAE04EC0-301F-11D3-BF4B-00C04F79EFBC}") = "WebScene.Backend.Abstractions", "src\WebScene.Backend.Abstractions\WebScene.Backend.Abstractions.csproj", "{9D88B94F-24C1-47FD-AE0C-41F53D8C9381}"
EndProject
Project("{FAE04EC0-301F-11D3-BF4B-00C04F79EFBC}") = "WebScene.Backend.Avalonia", "src\WebScene.Backend.Avalonia\WebScene.Backend.Avalonia.csproj", "{CD7C3D0E-541A-4DAF-904A-E27CB2A2E5B4}"
EndProject
Project("{FAE04EC0-301F-11D3-BF4B-00C04F79EFBC}") = "WebScene.Backend.Uno", "src\WebScene.Backend.Uno\WebScene.Backend.Uno.csproj", "{A1F0E1F4-6F2C-46C4-8A67-7B2BA72F4E8B}"
EndProject
Project("{FAE04EC0-301F-11D3-BF4B-00C04F79EFBC}") = "WebScene.Diagnostics.Cdp", "src\WebScene.Diagnostics.Cdp\WebScene.Diagnostics.Cdp.csproj", "{E6C4B0E2-66AF-4F63-B831-726E34DC3C5A}"
EndProject
Project("{FAE04EC0-301F-11D3-BF4B-00C04F79EFBC}") = "WebScene.Core.Tests", "tests\WebScene.Core.Tests\WebScene.Core.Tests.csproj", "{2FBEE4DF-B4A7-4BF8-94CD-B55F5A2FD08E}"
EndProject
Project("{FAE04EC0-301F-11D3-BF4B-00C04F79EFBC}") = "WebScene.Architecture.Tests", "tests\WebScene.Architecture.Tests\WebScene.Architecture.Tests.csproj", "{012D4A51-BC7F-4C97-AD80-074C9F8072DD}"
EndProject
Project("{FAE04EC0-301F-11D3-BF4B-00C04F79EFBC}") = "WebScene.Dom.Tests", "tests\WebScene.Dom.Tests\WebScene.Dom.Tests.csproj", "{8CA62BDC-37E1-4C27-9D36-B108DDF32813}"
EndProject
Project("{FAE04EC0-301F-11D3-BF4B-00C04F79EFBC}") = "WebScene.Css.Tests", "tests\WebScene.Css.Tests\WebScene.Css.Tests.csproj", "{6585A238-271F-4CA3-9B29-CE65534D566E}"
EndProject
Project("{FAE04EC0-301F-11D3-BF4B-00C04F79EFBC}") = "WebScene.Graphics.Tests", "tests\WebScene.Graphics.Tests\WebScene.Graphics.Tests.csproj", "{D0747850-4608-48B9-9B3E-E8C7BBCB5E64}"
EndProject
Project("{FAE04EC0-301F-11D3-BF4B-00C04F79EFBC}") = "WebScene.Backend.Abstractions.Tests", "tests\WebScene.Backend.Abstractions.Tests\WebScene.Backend.Abstractions.Tests.csproj", "{A672B2F9-DAA9-45D8-AD92-A5322405A9E1}"
EndProject
Project("{FAE04EC0-301F-11D3-BF4B-00C04F79EFBC}") = "WebScene.Backend.PackageSmoke", "tests\WebScene.Backend.PackageSmoke\WebScene.Backend.PackageSmoke.csproj", "{8FA73CDA-0E89-4665-9C58-51F974558D0E}"
EndProject
Project("{FAE04EC0-301F-11D3-BF4B-00C04F79EFBC}") = "WebScene.Sdk", "src\WebScene.Sdk\WebScene.Sdk.csproj", "{74B7D438-9C89-4B71-8F2F-160069920438}"
EndProject
Project("{FAE04EC0-301F-11D3-BF4B-00C04F79EFBC}") = "WebScene.Sdk.Avalonia", "src\WebScene.Sdk.Avalonia\WebScene.Sdk.Avalonia.csproj", "{C33B6B77-5FC8-4BA0-B30D-F72820340B9E}"
EndProject
Project("{FAE04EC0-301F-11D3-BF4B-00C04F79EFBC}") = "WebScene.Sdk.Uno", "src\WebScene.Sdk.Uno\WebScene.Sdk.Uno.csproj", "{D42E1D75-A06A-4B29-8F9E-04D404F5CA71}"
EndProject
Project("{FAE04EC0-301F-11D3-BF4B-00C04F79EFBC}") = "WebScene.Sdk.Avalonia.Tests", "tests\WebScene.Sdk.Avalonia.Tests\WebScene.Sdk.Avalonia.Tests.csproj", "{E8D40BD2-BCBA-4C15-ABDB-89D6F1E27325}"
EndProject
Project("{FAE04EC0-301F-11D3-BF4B-00C04F79EFBC}") = "WebScene.Sdk.Uno.Tests", "tests\WebScene.Sdk.Uno.Tests\WebScene.Sdk.Uno.Tests.csproj", "{EB451DD4-0826-4E8D-B90F-1C2F57C817F1}"
EndProject
Project("{FAE04EC0-301F-11D3-BF4B-00C04F79EFBC}") = "WebScene.Sdk.Tests", "tests\WebScene.Sdk.Tests\WebScene.Sdk.Tests.csproj", "{82C80FD7-68BF-4B50-A975-130BE875CDC6}"
EndProject
Project("{FAE04EC0-301F-11D3-BF4B-00C04F79EFBC}") = "NativeMonacoEditor", "samples\NativeMonacoEditor\NativeMonacoEditor.csproj", "{895D121B-5EC1-476A-B2A6-A2E00346075E}"
EndProject
Project("{FAE04EC0-301F-11D3-BF4B-00C04F79EFBC}") = "NativeMonacoEditor.Headless", "samples\NativeMonacoEditor.Headless\NativeMonacoEditor.Headless.csproj", "{80F90ADF-1CA8-4E78-8495-68B19025C2F4}"
EndProject
Project("{FAE04EC0-301F-11D3-BF4B-00C04F79EFBC}") = "NativeTradingViewTerminal", "samples\NativeTradingViewTerminal\NativeTradingViewTerminal.csproj", "{7954F4FA-8032-405E-81B7-BC35902A51D0}"
EndProject
Project("{FAE04EC0-301F-11D3-BF4B-00C04F79EFBC}") = "WebScene.JavaScript.Interop", "src\WebScene.JavaScript.Interop\WebScene.JavaScript.Interop.csproj", "{A9C36F33-5E72-42C6-BA8B-5F78CFB56001}"
EndProject
Project("{FAE04EC0-301F-11D3-BF4B-00C04F79EFBC}") = "WebScene.JavaScript.Interop.Generator", "src\WebScene.JavaScript.Interop.Generator\WebScene.JavaScript.Interop.Generator.csproj", "{A9C36F33-5E72-42C6-BA8B-5F78CFB56002}"
EndProject
Project("{FAE04EC0-301F-11D3-BF4B-00C04F79EFBC}") = "TradingViewInterop.Generated", "samples\TradingViewInterop.Generated\TradingViewInterop.Generated.csproj", "{A9C36F33-5E72-42C6-BA8B-5F78CFB56003}"
EndProject
Project("{FAE04EC0-301F-11D3-BF4B-00C04F79EFBC}") = "TradingViewInterop.AllGenerated", "samples\TradingViewInterop.AllGenerated\TradingViewInterop.AllGenerated.csproj", "{A9C36F33-5E72-42C6-BA8B-5F78CFB56005}"
EndProject
Project("{FAE04EC0-301F-11D3-BF4B-00C04F79EFBC}") = "WebScene.JavaScript.Interop.Tests", "tests\WebScene.JavaScript.Interop.Tests\WebScene.JavaScript.Interop.Tests.csproj", "{A9C36F33-5E72-42C6-BA8B-5F78CFB56004}"
EndProject
Project("{FAE04EC0-301F-11D3-BF4B-00C04F79EFBC}") = "WebScene.JavaScript.Interop.Generator.Compile", "tests\WebScene.JavaScript.Interop.Generator.Compile\WebScene.JavaScript.Interop.Generator.Compile.csproj", "{A9C36F33-5E72-42C6-BA8B-5F78CFB56006}"
EndProject
Project("{FAE04EC0-301F-11D3-BF4B-00C04F79EFBC}") = "WebScene.JavaScript.Interop.PackageSmoke", "tests\WebScene.JavaScript.Interop.PackageSmoke\WebScene.JavaScript.Interop.PackageSmoke.csproj", "{DD0266DA-3FE5-42EA-A4E3-C28F14A5F72A}"
EndProject
Project("{FAE04EC0-301F-11D3-BF4B-00C04F79EFBC}") = "NativeRuntimeShowcase.Interop", "samples\NativeRuntimeShowcase.Interop\NativeRuntimeShowcase.Interop.csproj", "{2B7DB2A7-267F-4CB1-9B8E-63A1943FB3FA}"
EndProject
Project("{FAE04EC0-301F-11D3-BF4B-00C04F79EFBC}") = "NativeRuntimeShowcase.Avalonia", "samples\NativeRuntimeShowcase.Avalonia\NativeRuntimeShowcase.Avalonia.csproj", "{F7A512C0-D70F-4255-9485-41AC859E4751}"
EndProject
Project("{FAE04EC0-301F-11D3-BF4B-00C04F79EFBC}") = "NativeRuntimeShowcase.Uno", "samples\NativeRuntimeShowcase.Uno\NativeRuntimeShowcase.Uno.csproj", "{90730C50-47A7-40EE-ABEA-553A955C4E36}"
EndProject
Project("{FAE04EC0-301F-11D3-BF4B-00C04F79EFBC}") = "WebScene.Backend.Uno.Tests", "tests\WebScene.Backend.Uno.Tests\WebScene.Backend.Uno.Tests.csproj", "{5A82948E-1878-4313-A0B5-F5C141984838}"
EndProject
Project("{2150E333-8FDC-42A3-9474-1A3956D46DE8}") = "benchmarks", "benchmarks", "{FA27C9B0-167C-4B0A-92A1-5C82FA4C7E91}"
EndProject
Project("{FAE04EC0-301F-11D3-BF4B-00C04F79EFBC}") = "WebScene.NativeEngine.Benchmarks", "benchmarks\WebScene.NativeEngine.Benchmarks\WebScene.NativeEngine.Benchmarks.csproj", "{B1AEFF44-2644-43D0-B5F5-D83FA57342CE}"
EndProject
Global
	GlobalSection(SolutionConfigurationPlatforms) = preSolution
		Debug|Any CPU = Debug|Any CPU
		Release|Any CPU = Release|Any CPU
	EndGlobalSection
	GlobalSection(ProjectConfigurationPlatforms) = postSolution
		{2444E3AE-BE57-4F85-9DF1-A6031284EFA4}.Debug|Any CPU.ActiveCfg = Debug|Any CPU
		{2444E3AE-BE57-4F85-9DF1-A6031284EFA4}.Debug|Any CPU.Build.0 = Debug|Any CPU
		{2444E3AE-BE57-4F85-9DF1-A6031284EFA4}.Release|Any CPU.ActiveCfg = Release|Any CPU
		{2444E3AE-BE57-4F85-9DF1-A6031284EFA4}.Release|Any CPU.Build.0 = Release|Any CPU
		{E4BB92BB-C4A1-4D8C-8A4C-C05F9DB2A407}.Debug|Any CPU.ActiveCfg = Debug|Any CPU
		{E4BB92BB-C4A1-4D8C-8A4C-C05F9DB2A407}.Debug|Any CPU.Build.0 = Debug|Any CPU
		{E4BB92BB-C4A1-4D8C-8A4C-C05F9DB2A407}.Release|Any CPU.ActiveCfg = Release|Any CPU
		{E4BB92BB-C4A1-4D8C-8A4C-C05F9DB2A407}.Release|Any CPU.Build.0 = Release|Any CPU
		{0F65F77E-3AF6-40AC-8F2C-95D99B4CA4E3}.Debug|Any CPU.ActiveCfg = Debug|Any CPU
		{0F65F77E-3AF6-40AC-8F2C-95D99B4CA4E3}.Debug|Any CPU.Build.0 = Debug|Any CPU
		{0F65F77E-3AF6-40AC-8F2C-95D99B4CA4E3}.Release|Any CPU.ActiveCfg = Release|Any CPU
		{0F65F77E-3AF6-40AC-8F2C-95D99B4CA4E3}.Release|Any CPU.Build.0 = Release|Any CPU
		{C7C4B85E-4F7A-49D4-9E21-BF2B27C4C9E5}.Debug|Any CPU.ActiveCfg = Debug|Any CPU
		{C7C4B85E-4F7A-49D4-9E21-BF2B27C4C9E5}.Debug|Any CPU.Build.0 = Debug|Any CPU
		{C7C4B85E-4F7A-49D4-9E21-BF2B27C4C9E5}.Release|Any CPU.ActiveCfg = Release|Any CPU
		{C7C4B85E-4F7A-49D4-9E21-BF2B27C4C9E5}.Release|Any CPU.Build.0 = Release|Any CPU
		{4DE8241D-941B-4BD7-AF3D-1464B198C8B9}.Debug|Any CPU.ActiveCfg = Debug|Any CPU
		{4DE8241D-941B-4BD7-AF3D-1464B198C8B9}.Debug|Any CPU.Build.0 = Debug|Any CPU
		{4DE8241D-941B-4BD7-AF3D-1464B198C8B9}.Release|Any CPU.ActiveCfg = Release|Any CPU
		{4DE8241D-941B-4BD7-AF3D-1464B198C8B9}.Release|Any CPU.Build.0 = Release|Any CPU
		{2D9D7C01-B41D-4143-9DA2-C48C78B5684D}.Debug|Any CPU.ActiveCfg = Debug|Any CPU
		{2D9D7C01-B41D-4143-9DA2-C48C78B5684D}.Debug|Any CPU.Build.0 = Debug|Any CPU
		{2D9D7C01-B41D-4143-9DA2-C48C78B5684D}.Release|Any CPU.ActiveCfg = Release|Any CPU
		{2D9D7C01-B41D-4143-9DA2-C48C78B5684D}.Release|Any CPU.Build.0 = Release|Any CPU
		{D4CBBCEA-AF25-46FD-B9A8-7174E69D8AD9}.Debug|Any CPU.ActiveCfg = Debug|Any CPU
		{D4CBBCEA-AF25-46FD-B9A8-7174E69D8AD9}.Debug|Any CPU.Build.0 = Debug|Any CPU
		{D4CBBCEA-AF25-46FD-B9A8-7174E69D8AD9}.Release|Any CPU.ActiveCfg = Release|Any CPU
		{D4CBBCEA-AF25-46FD-B9A8-7174E69D8AD9}.Release|Any CPU.Build.0 = Release|Any CPU
		{AC63B4E5-CDFD-4DD2-8AE4-EAD86F1CB4A9}.Debug|Any CPU.ActiveCfg = Debug|Any CPU
		{AC63B4E5-CDFD-4DD2-8AE4-EAD86F1CB4A9}.Debug|Any CPU.Build.0 = Debug|Any CPU
		{AC63B4E5-CDFD-4DD2-8AE4-EAD86F1CB4A9}.Release|Any CPU.ActiveCfg = Release|Any CPU
		{AC63B4E5-CDFD-4DD2-8AE4-EAD86F1CB4A9}.Release|Any CPU.Build.0 = Release|Any CPU
		{9D88B94F-24C1-47FD-AE0C-41F53D8C9381}.Debug|Any CPU.ActiveCfg = Debug|Any CPU
		{9D88B94F-24C1-47FD-AE0C-41F53D8C9381}.Debug|Any CPU.Build.0 = Debug|Any CPU
		{9D88B94F-24C1-47FD-AE0C-41F53D8C9381}.Release|Any CPU.ActiveCfg = Release|Any CPU
		{9D88B94F-24C1-47FD-AE0C-41F53D8C9381}.Release|Any CPU.Build.0 = Release|Any CPU
		{CD7C3D0E-541A-4DAF-904A-E27CB2A2E5B4}.Debug|Any CPU.ActiveCfg = Debug|Any CPU
		{CD7C3D0E-541A-4DAF-904A-E27CB2A2E5B4}.Debug|Any CPU.Build.0 = Debug|Any CPU
		{CD7C3D0E-541A-4DAF-904A-E27CB2A2E5B4}.Release|Any CPU.ActiveCfg = Release|Any CPU
		{CD7C3D0E-541A-4DAF-904A-E27CB2A2E5B4}.Release|Any CPU.Build.0 = Release|Any CPU
		{A1F0E1F4-6F2C-46C4-8A67-7B2BA72F4E8B}.Debug|Any CPU.ActiveCfg = Debug|Any CPU
		{A1F0E1F4-6F2C-46C4-8A67-7B2BA72F4E8B}.Debug|Any CPU.Build.0 = Debug|Any CPU
		{A1F0E1F4-6F2C-46C4-8A67-7B2BA72F4E8B}.Release|Any CPU.ActiveCfg = Release|Any CPU
		{A1F0E1F4-6F2C-46C4-8A67-7B2BA72F4E8B}.Release|Any CPU.Build.0 = Release|Any CPU
		{E6C4B0E2-66AF-4F63-B831-726E34DC3C5A}.Debug|Any CPU.ActiveCfg = Debug|Any CPU
		{E6C4B0E2-66AF-4F63-B831-726E34DC3C5A}.Debug|Any CPU.Build.0 = Debug|Any CPU
		{E6C4B0E2-66AF-4F63-B831-726E34DC3C5A}.Release|Any CPU.ActiveCfg = Release|Any CPU
		{E6C4B0E2-66AF-4F63-B831-726E34DC3C5A}.Release|Any CPU.Build.0 = Release|Any CPU
		{2FBEE4DF-B4A7-4BF8-94CD-B55F5A2FD08E}.Debug|Any CPU.ActiveCfg = Debug|Any CPU
		{2FBEE4DF-B4A7-4BF8-94CD-B55F5A2FD08E}.Debug|Any CPU.Build.0 = Debug|Any CPU
		{2FBEE4DF-B4A7-4BF8-94CD-B55F5A2FD08E}.Release|Any CPU.ActiveCfg = Release|Any CPU
		{2FBEE4DF-B4A7-4BF8-94CD-B55F5A2FD08E}.Release|Any CPU.Build.0 = Release|Any CPU
		{012D4A51-BC7F-4C97-AD80-074C9F8072DD}.Debug|Any CPU.ActiveCfg = Debug|Any CPU
		{012D4A51-BC7F-4C97-AD80-074C9F8072DD}.Debug|Any CPU.Build.0 = Debug|Any CPU
		{012D4A51-BC7F-4C97-AD80-074C9F8072DD}.Release|Any CPU.ActiveCfg = Release|Any CPU
		{012D4A51-BC7F-4C97-AD80-074C9F8072DD}.Release|Any CPU.Build.0 = Release|Any CPU
		{8CA62BDC-37E1-4C27-9D36-B108DDF32813}.Debug|Any CPU.ActiveCfg = Debug|Any CPU
		{8CA62BDC-37E1-4C27-9D36-B108DDF32813}.Debug|Any CPU.Build.0 = Debug|Any CPU
		{8CA62BDC-37E1-4C27-9D36-B108DDF32813}.Release|Any CPU.ActiveCfg = Release|Any CPU
		{8CA62BDC-37E1-4C27-9D36-B108DDF32813}.Release|Any CPU.Build.0 = Release|Any CPU
		{6585A238-271F-4CA3-9B29-CE65534D566E}.Debug|Any CPU.ActiveCfg = Debug|Any CPU
		{6585A238-271F-4CA3-9B29-CE65534D566E}.Debug|Any CPU.Build.0 = Debug|Any CPU
		{6585A238-271F-4CA3-9B29-CE65534D566E}.Release|Any CPU.ActiveCfg = Release|Any CPU
		{6585A238-271F-4CA3-9B29-CE65534D566E}.Release|Any CPU.Build.0 = Release|Any CPU
		{D0747850-4608-48B9-9B3E-E8C7BBCB5E64}.Debug|Any CPU.ActiveCfg = Debug|Any CPU
		{D0747850-4608-48B9-9B3E-E8C7BBCB5E64}.Debug|Any CPU.Build.0 = Debug|Any CPU
		{D0747850-4608-48B9-9B3E-E8C7BBCB5E64}.Release|Any CPU.ActiveCfg = Release|Any CPU
		{D0747850-4608-48B9-9B3E-E8C7BBCB5E64}.Release|Any CPU.Build.0 = Release|Any CPU
		{A672B2F9-DAA9-45D8-AD92-A5322405A9E1}.Debug|Any CPU.ActiveCfg = Debug|Any CPU
		{A672B2F9-DAA9-45D8-AD92-A5322405A9E1}.Debug|Any CPU.Build.0 = Debug|Any CPU
		{A672B2F9-DAA9-45D8-AD92-A5322405A9E1}.Release|Any CPU.ActiveCfg = Release|Any CPU
		{A672B2F9-DAA9-45D8-AD92-A5322405A9E1}.Release|Any CPU.Build.0 = Release|Any CPU
		{8FA73CDA-0E89-4665-9C58-51F974558D0E}.Debug|Any CPU.ActiveCfg = Debug|Any CPU
		{8FA73CDA-0E89-4665-9C58-51F974558D0E}.Debug|Any CPU.Build.0 = Debug|Any CPU
		{8FA73CDA-0E89-4665-9C58-51F974558D0E}.Release|Any CPU.ActiveCfg = Release|Any CPU
		{8FA73CDA-0E89-4665-9C58-51F974558D0E}.Release|Any CPU.Build.0 = Release|Any CPU
		{74B7D438-9C89-4B71-8F2F-160069920438}.Debug|Any CPU.ActiveCfg = Debug|Any CPU
		{74B7D438-9C89-4B71-8F2F-160069920438}.Debug|Any CPU.Build.0 = Debug|Any CPU
		{74B7D438-9C89-4B71-8F2F-160069920438}.Release|Any CPU.ActiveCfg = Release|Any CPU
		{74B7D438-9C89-4B71-8F2F-160069920438}.Release|Any CPU.Build.0 = Release|Any CPU
		{C33B6B77-5FC8-4BA0-B30D-F72820340B9E}.Debug|Any CPU.ActiveCfg = Debug|Any CPU
		{C33B6B77-5FC8-4BA0-B30D-F72820340B9E}.Debug|Any CPU.Build.0 = Debug|Any CPU
		{C33B6B77-5FC8-4BA0-B30D-F72820340B9E}.Release|Any CPU.ActiveCfg = Release|Any CPU
		{C33B6B77-5FC8-4BA0-B30D-F72820340B9E}.Release|Any CPU.Build.0 = Release|Any CPU
		{D42E1D75-A06A-4B29-8F9E-04D404F5CA71}.Debug|Any CPU.ActiveCfg = Debug|Any CPU
		{D42E1D75-A06A-4B29-8F9E-04D404F5CA71}.Debug|Any CPU.Build.0 = Debug|Any CPU
		{D42E1D75-A06A-4B29-8F9E-04D404F5CA71}.Release|Any CPU.ActiveCfg = Release|Any CPU
		{D42E1D75-A06A-4B29-8F9E-04D404F5CA71}.Release|Any CPU.Build.0 = Release|Any CPU
		{E8D40BD2-BCBA-4C15-ABDB-89D6F1E27325}.Debug|Any CPU.ActiveCfg = Debug|Any CPU
		{E8D40BD2-BCBA-4C15-ABDB-89D6F1E27325}.Debug|Any CPU.Build.0 = Debug|Any CPU
		{E8D40BD2-BCBA-4C15-ABDB-89D6F1E27325}.Release|Any CPU.ActiveCfg = Release|Any CPU
		{E8D40BD2-BCBA-4C15-ABDB-89D6F1E27325}.Release|Any CPU.Build.0 = Release|Any CPU
		{EB451DD4-0826-4E8D-B90F-1C2F57C817F1}.Debug|Any CPU.ActiveCfg = Debug|Any CPU
		{EB451DD4-0826-4E8D-B90F-1C2F57C817F1}.Debug|Any CPU.Build.0 = Debug|Any CPU
		{EB451DD4-0826-4E8D-B90F-1C2F57C817F1}.Release|Any CPU.ActiveCfg = Release|Any CPU
		{EB451DD4-0826-4E8D-B90F-1C2F57C817F1}.Release|Any CPU.Build.0 = Release|Any CPU
		{82C80FD7-68BF-4B50-A975-130BE875CDC6}.Debug|Any CPU.ActiveCfg = Debug|Any CPU
		{82C80FD7-68BF-4B50-A975-130BE875CDC6}.Debug|Any CPU.Build.0 = Debug|Any CPU
		{82C80FD7-68BF-4B50-A975-130BE875CDC6}.Release|Any CPU.ActiveCfg = Release|Any CPU
		{82C80FD7-68BF-4B50-A975-130BE875CDC6}.Release|Any CPU.Build.0 = Release|Any CPU
		{895D121B-5EC1-476A-B2A6-A2E00346075E}.Debug|Any CPU.ActiveCfg = Debug|Any CPU
		{895D121B-5EC1-476A-B2A6-A2E00346075E}.Debug|Any CPU.Build.0 = Debug|Any CPU
		{895D121B-5EC1-476A-B2A6-A2E00346075E}.Release|Any CPU.ActiveCfg = Release|Any CPU
		{895D121B-5EC1-476A-B2A6-A2E00346075E}.Release|Any CPU.Build.0 = Release|Any CPU
		{80F90ADF-1CA8-4E78-8495-68B19025C2F4}.Debug|Any CPU.ActiveCfg = Debug|Any CPU
		{80F90ADF-1CA8-4E78-8495-68B19025C2F4}.Debug|Any CPU.Build.0 = Debug|Any CPU
		{80F90ADF-1CA8-4E78-8495-68B19025C2F4}.Release|Any CPU.ActiveCfg = Release|Any CPU
		{80F90ADF-1CA8-4E78-8495-68B19025C2F4}.Release|Any CPU.Build.0 = Release|Any CPU
		{7954F4FA-8032-405E-81B7-BC35902A51D0}.Debug|Any CPU.ActiveCfg = Debug|Any CPU
		{7954F4FA-8032-405E-81B7-BC35902A51D0}.Debug|Any CPU.Build.0 = Debug|Any CPU
		{7954F4FA-8032-405E-81B7-BC35902A51D0}.Release|Any CPU.ActiveCfg = Release|Any CPU
		{7954F4FA-8032-405E-81B7-BC35902A51D0}.Release|Any CPU.Build.0 = Release|Any CPU
		{A9C36F33-5E72-42C6-BA8B-5F78CFB56001}.Debug|Any CPU.ActiveCfg = Debug|Any CPU
		{A9C36F33-5E72-42C6-BA8B-5F78CFB56001}.Debug|Any CPU.Build.0 = Debug|Any CPU
		{A9C36F33-5E72-42C6-BA8B-5F78CFB56001}.Release|Any CPU.ActiveCfg = Release|Any CPU
		{A9C36F33-5E72-42C6-BA8B-5F78CFB56001}.Release|Any CPU.Build.0 = Release|Any CPU
		{A9C36F33-5E72-42C6-BA8B-5F78CFB56002}.Debug|Any CPU.ActiveCfg = Debug|Any CPU
		{A9C36F33-5E72-42C6-BA8B-5F78CFB56002}.Debug|Any CPU.Build.0 = Debug|Any CPU
		{A9C36F33-5E72-42C6-BA8B-5F78CFB56002}.Release|Any CPU.ActiveCfg = Release|Any CPU
		{A9C36F33-5E72-42C6-BA8B-5F78CFB56002}.Release|Any CPU.Build.0 = Release|Any CPU
		{A9C36F33-5E72-42C6-BA8B-5F78CFB56003}.Debug|Any CPU.ActiveCfg = Debug|Any CPU
		{A9C36F33-5E72-42C6-BA8B-5F78CFB56003}.Debug|Any CPU.Build.0 = Debug|Any CPU
		{A9C36F33-5E72-42C6-BA8B-5F78CFB56003}.Release|Any CPU.ActiveCfg = Release|Any CPU
		{A9C36F33-5E72-42C6-BA8B-5F78CFB56003}.Release|Any CPU.Build.0 = Release|Any CPU
		{A9C36F33-5E72-42C6-BA8B-5F78CFB56005}.Debug|Any CPU.ActiveCfg = Debug|Any CPU
		{A9C36F33-5E72-42C6-BA8B-5F78CFB56005}.Debug|Any CPU.Build.0 = Debug|Any CPU
		{A9C36F33-5E72-42C6-BA8B-5F78CFB56005}.Release|Any CPU.ActiveCfg = Release|Any CPU
		{A9C36F33-5E72-42C6-BA8B-5F78CFB56005}.Release|Any CPU.Build.0 = Release|Any CPU
		{A9C36F33-5E72-42C6-BA8B-5F78CFB56004}.Debug|Any CPU.ActiveCfg = Debug|Any CPU
		{A9C36F33-5E72-42C6-BA8B-5F78CFB56004}.Debug|Any CPU.Build.0 = Debug|Any CPU
		{A9C36F33-5E72-42C6-BA8B-5F78CFB56004}.Release|Any CPU.ActiveCfg = Release|Any CPU
		{A9C36F33-5E72-42C6-BA8B-5F78CFB56004}.Release|Any CPU.Build.0 = Release|Any CPU
		{A9C36F33-5E72-42C6-BA8B-5F78CFB56006}.Debug|Any CPU.ActiveCfg = Debug|Any CPU
		{A9C36F33-5E72-42C6-BA8B-5F78CFB56006}.Debug|Any CPU.Build.0 = Debug|Any CPU
		{A9C36F33-5E72-42C6-BA8B-5F78CFB56006}.Release|Any CPU.ActiveCfg = Release|Any CPU
		{A9C36F33-5E72-42C6-BA8B-5F78CFB56006}.Release|Any CPU.Build.0 = Release|Any CPU
		{DD0266DA-3FE5-42EA-A4E3-C28F14A5F72A}.Debug|Any CPU.ActiveCfg = Debug|Any CPU
		{DD0266DA-3FE5-42EA-A4E3-C28F14A5F72A}.Debug|Any CPU.Build.0 = Debug|Any CPU
		{DD0266DA-3FE5-42EA-A4E3-C28F14A5F72A}.Release|Any CPU.ActiveCfg = Release|Any CPU
		{DD0266DA-3FE5-42EA-A4E3-C28F14A5F72A}.Release|Any CPU.Build.0 = Release|Any CPU
		{2B7DB2A7-267F-4CB1-9B8E-63A1943FB3FA}.Debug|Any CPU.ActiveCfg = Debug|Any CPU
		{2B7DB2A7-267F-4CB1-9B8E-63A1943FB3FA}.Debug|Any CPU.Build.0 = Debug|Any CPU
		{2B7DB2A7-267F-4CB1-9B8E-63A1943FB3FA}.Release|Any CPU.ActiveCfg = Release|Any CPU
		{2B7DB2A7-267F-4CB1-9B8E-63A1943FB3FA}.Release|Any CPU.Build.0 = Release|Any CPU
		{F7A512C0-D70F-4255-9485-41AC859E4751}.Debug|Any CPU.ActiveCfg = Debug|Any CPU
		{F7A512C0-D70F-4255-9485-41AC859E4751}.Debug|Any CPU.Build.0 = Debug|Any CPU
		{F7A512C0-D70F-4255-9485-41AC859E4751}.Release|Any CPU.ActiveCfg = Release|Any CPU
		{F7A512C0-D70F-4255-9485-41AC859E4751}.Release|Any CPU.Build.0 = Release|Any CPU
		{90730C50-47A7-40EE-ABEA-553A955C4E36}.Debug|Any CPU.ActiveCfg = Debug|Any CPU
		{90730C50-47A7-40EE-ABEA-553A955C4E36}.Debug|Any CPU.Build.0 = Debug|Any CPU
		{90730C50-47A7-40EE-ABEA-553A955C4E36}.Release|Any CPU.ActiveCfg = Release|Any CPU
		{90730C50-47A7-40EE-ABEA-553A955C4E36}.Release|Any CPU.Build.0 = Release|Any CPU
		{5A82948E-1878-4313-A0B5-F5C141984838}.Debug|Any CPU.ActiveCfg = Debug|Any CPU
		{5A82948E-1878-4313-A0B5-F5C141984838}.Debug|Any CPU.Build.0 = Debug|Any CPU
		{5A82948E-1878-4313-A0B5-F5C141984838}.Release|Any CPU.ActiveCfg = Release|Any CPU
		{5A82948E-1878-4313-A0B5-F5C141984838}.Release|Any CPU.Build.0 = Release|Any CPU
		{B1AEFF44-2644-43D0-B5F5-D83FA57342CE}.Debug|Any CPU.ActiveCfg = Debug|Any CPU
		{B1AEFF44-2644-43D0-B5F5-D83FA57342CE}.Debug|Any CPU.Build.0 = Debug|Any CPU
		{B1AEFF44-2644-43D0-B5F5-D83FA57342CE}.Release|Any CPU.ActiveCfg = Release|Any CPU
		{B1AEFF44-2644-43D0-B5F5-D83FA57342CE}.Release|Any CPU.Build.0 = Release|Any CPU
	EndGlobalSection
	GlobalSection(SolutionProperties) = preSolution
		HideSolutionNode = FALSE
	EndGlobalSection
	GlobalSection(NestedProjects) = preSolution
		{2444E3AE-BE57-4F85-9DF1-A6031284EFA4} = {74F70724-F48B-4556-AF1B-996572B9395B}
		{E4BB92BB-C4A1-4D8C-8A4C-C05F9DB2A407} = {EF896A23-AA5E-45BA-B843-B1F02D600D81}
		{0F65F77E-3AF6-40AC-8F2C-95D99B4CA4E3} = {C84500EC-56E5-4305-90EE-065B9247D958}
		{C7C4B85E-4F7A-49D4-9E21-BF2B27C4C9E5} = {C84500EC-56E5-4305-90EE-065B9247D958}
		{4DE8241D-941B-4BD7-AF3D-1464B198C8B9} = {74F70724-F48B-4556-AF1B-996572B9395B}
		{2D9D7C01-B41D-4143-9DA2-C48C78B5684D} = {74F70724-F48B-4556-AF1B-996572B9395B}
		{D4CBBCEA-AF25-46FD-B9A8-7174E69D8AD9} = {74F70724-F48B-4556-AF1B-996572B9395B}
		{AC63B4E5-CDFD-4DD2-8AE4-EAD86F1CB4A9} = {74F70724-F48B-4556-AF1B-996572B9395B}
		{9D88B94F-24C1-47FD-AE0C-41F53D8C9381} = {74F70724-F48B-4556-AF1B-996572B9395B}
		{CD7C3D0E-541A-4DAF-904A-E27CB2A2E5B4} = {74F70724-F48B-4556-AF1B-996572B9395B}
		{A1F0E1F4-6F2C-46C4-8A67-7B2BA72F4E8B} = {74F70724-F48B-4556-AF1B-996572B9395B}
		{E6C4B0E2-66AF-4F63-B831-726E34DC3C5A} = {74F70724-F48B-4556-AF1B-996572B9395B}
		{2FBEE4DF-B4A7-4BF8-94CD-B55F5A2FD08E} = {C84500EC-56E5-4305-90EE-065B9247D958}
		{012D4A51-BC7F-4C97-AD80-074C9F8072DD} = {C84500EC-56E5-4305-90EE-065B9247D958}
		{8CA62BDC-37E1-4C27-9D36-B108DDF32813} = {C84500EC-56E5-4305-90EE-065B9247D958}
		{6585A238-271F-4CA3-9B29-CE65534D566E} = {C84500EC-56E5-4305-90EE-065B9247D958}
		{D0747850-4608-48B9-9B3E-E8C7BBCB5E64} = {C84500EC-56E5-4305-90EE-065B9247D958}
		{A672B2F9-DAA9-45D8-AD92-A5322405A9E1} = {C84500EC-56E5-4305-90EE-065B9247D958}
		{8FA73CDA-0E89-4665-9C58-51F974558D0E} = {C84500EC-56E5-4305-90EE-065B9247D958}
		{74B7D438-9C89-4B71-8F2F-160069920438} = {74F70724-F48B-4556-AF1B-996572B9395B}
		{C33B6B77-5FC8-4BA0-B30D-F72820340B9E} = {74F70724-F48B-4556-AF1B-996572B9395B}
		{D42E1D75-A06A-4B29-8F9E-04D404F5CA71} = {74F70724-F48B-4556-AF1B-996572B9395B}
		{E8D40BD2-BCBA-4C15-ABDB-89D6F1E27325} = {C84500EC-56E5-4305-90EE-065B9247D958}
		{EB451DD4-0826-4E8D-B90F-1C2F57C817F1} = {C84500EC-56E5-4305-90EE-065B9247D958}
		{82C80FD7-68BF-4B50-A975-130BE875CDC6} = {C84500EC-56E5-4305-90EE-065B9247D958}
		{895D121B-5EC1-476A-B2A6-A2E00346075E} = {EF896A23-AA5E-45BA-B843-B1F02D600D81}
		{80F90ADF-1CA8-4E78-8495-68B19025C2F4} = {EF896A23-AA5E-45BA-B843-B1F02D600D81}
		{7954F4FA-8032-405E-81B7-BC35902A51D0} = {EF896A23-AA5E-45BA-B843-B1F02D600D81}
		{A9C36F33-5E72-42C6-BA8B-5F78CFB56001} = {74F70724-F48B-4556-AF1B-996572B9395B}
		{A9C36F33-5E72-42C6-BA8B-5F78CFB56002} = {74F70724-F48B-4556-AF1B-996572B9395B}
		{A9C36F33-5E72-42C6-BA8B-5F78CFB56003} = {EF896A23-AA5E-45BA-B843-B1F02D600D81}
		{A9C36F33-5E72-42C6-BA8B-5F78CFB56005} = {EF896A23-AA5E-45BA-B843-B1F02D600D81}
		{A9C36F33-5E72-42C6-BA8B-5F78CFB56004} = {C84500EC-56E5-4305-90EE-065B9247D958}
		{A9C36F33-5E72-42C6-BA8B-5F78CFB56006} = {C84500EC-56E5-4305-90EE-065B9247D958}
		{DD0266DA-3FE5-42EA-A4E3-C28F14A5F72A} = {C84500EC-56E5-4305-90EE-065B9247D958}
		{2B7DB2A7-267F-4CB1-9B8E-63A1943FB3FA} = {EF896A23-AA5E-45BA-B843-B1F02D600D81}
		{F7A512C0-D70F-4255-9485-41AC859E4751} = {EF896A23-AA5E-45BA-B843-B1F02D600D81}
		{90730C50-47A7-40EE-ABEA-553A955C4E36} = {EF896A23-AA5E-45BA-B843-B1F02D600D81}
		{5A82948E-1878-4313-A0B5-F5C141984838} = {C84500EC-56E5-4305-90EE-065B9247D958}
		{B1AEFF44-2644-43D0-B5F5-D83FA57342CE} = {FA27C9B0-167C-4B0A-92A1-5C82FA4C7E91}
	EndGlobalSection
EndGlobal
